
Microsoft Visual Studio Solution File, Format Version 12.00
# Visual Studio 14
VisualStudioVersion = 14.0.24720.0
MinimumVisualStudioVersion = 10.0.40219.1
Project("{FAE04EC0-301F-11D3-BF4B-00C04F79EFBC}") = "HaleModule-Core-Memory", "Hale-Check-Memory-Usage\HaleModule-Core-Memory.csproj", "{34864891-9584-4BD1-B8CD-24FED6566C31}"
EndProject
Project("{2150E333-8FDC-42A3-9474-1A3956D46DE8}") = "build", "build", "{325FD737-0B40-4008-8ECD-382A561CB38B}"
	ProjectSection(SolutionItems) = preProject
		..\.travis.yml = ..\.travis.yml
		Hale-Lib.dll = Hale-Lib.dll
		resolve-dependencies.sh = resolve-dependencies.sh
	EndProjectSection
EndProject
Project("{FAE04EC0-301F-11D3-BF4B-00C04F79EFBC}") = "HaleModule-Core-Storage", "Hale-Check-Disk-Space\HaleModule-Core-Storage.csproj", "{912018B1-15C8-41B1-9C96-FF4C057B635F}"
EndProject
Project("{FAE04EC0-301F-11D3-BF4B-00C04F79EFBC}") = "HaleModule-Core-Power", "Hale-Check-Uptime\HaleModule-Core-Power.csproj", "{65BB47ED-573C-48DD-ACC8-454E0EE4C039}"
EndProject
Project("{FAE04EC0-301F-11D3-BF4B-00C04F79EFBC}") = "HaleModule-Core-Services", "Hale-Check-ServiceStatus\HaleModule-Core-Services.csproj", "{505D3570-29AF-402C-ABD6-384FC6073DA6}"
EndProject
Project("{FAE04EC0-301F-11D3-BF4B-00C04F79EFBC}") = "HaleModule-Core-CPU", "Hale-Check-CPU-Usage\HaleModule-Core-CPU.csproj", "{D5431865-303D-4709-BDA8-5D1E26C4445E}"
EndProject
Project("{FAE04EC0-301F-11D3-BF4B-00C04F79EFBC}") = "HaleModule-Core-Paging-Usage", "HaleModule-Core-Paging-Usage\HaleModule-Core-Paging-Usage.csproj", "{4E0BF942-0E90-4CF9-89B1-C51EA1B75024}"
EndProject
Project("{FAE04EC0-301F-11D3-BF4B-00C04F79EFBC}") = "HaleModule-Core-DNS-Resolvability", "HaleModule-Core-DNS-Resolvability\HaleModule-Core-DNS-Resolvability.csproj", "{4DD16CBC-6F4B-4F6D-ADEB-D0F3742D67EC}"
EndProject
Global
	GlobalSection(SolutionConfigurationPlatforms) = preSolution
		Debug|Any CPU = Debug|Any CPU
		Release|Any CPU = Release|Any CPU
	EndGlobalSection
	GlobalSection(ProjectConfigurationPlatforms) = postSolution
		{34864891-9584-4BD1-B8CD-24FED6566C31}.Debug|Any CPU.ActiveCfg = Debug|Any CPU
		{34864891-9584-4BD1-B8CD-24FED6566C31}.Debug|Any CPU.Build.0 = Debug|Any CPU
		{34864891-9584-4BD1-B8CD-24FED6566C31}.Release|Any CPU.ActiveCfg = Release|Any CPU
		{34864891-9584-4BD1-B8CD-24FED6566C31}.Release|Any CPU.Build.0 = Release|Any CPU
		{912018B1-15C8-41B1-9C96-FF4C057B635F}.Debug|Any CPU.ActiveCfg = Debug|Any CPU
		{912018B1-15C8-41B1-9C96-FF4C057B635F}.Debug|Any CPU.Build.0 = Debug|Any CPU
		{912018B1-15C8-41B1-9C96-FF4C057B635F}.Release|Any CPU.ActiveCfg = Release|Any CPU
		{912018B1-15C8-41B1-9C96-FF4C057B635F}.Release|Any CPU.Build.0 = Release|Any CPU
		{65BB47ED-573C-48DD-ACC8-454E0EE4C039}.Debug|Any CPU.ActiveCfg = Debug|Any CPU
		{65BB47ED-573C-48DD-ACC8-454E0EE4C039}.Debug|Any CPU.Build.0 = Debug|Any CPU
		{65BB47ED-573C-48DD-ACC8-454E0EE4C039}.Release|Any CPU.ActiveCfg = Release|Any CPU
		{65BB47ED-573C-48DD-ACC8-454E0EE4C039}.Release|Any CPU.Build.0 = Release|Any CPU
		{505D3570-29AF-402C-ABD6-384FC6073DA6}.Debug|Any CPU.ActiveCfg = Debug|Any CPU
		{505D3570-29AF-402C-ABD6-384FC6073DA6}.Debug|Any CPU.Build.0 = Debug|Any CPU
		{505D3570-29AF-402C-ABD6-384FC6073DA6}.Release|Any CPU.ActiveCfg = Release|Any CPU
		{505D3570-29AF-402C-ABD6-384FC6073DA6}.Release|Any CPU.Build.0 = Release|Any CPU
		{D5431865-303D-4709-BDA8-5D1E26C4445E}.Debug|Any CPU.ActiveCfg = Debug|Any CPU
		{D5431865-303D-4709-BDA8-5D1E26C4445E}.Debug|Any CPU.Build.0 = Debug|Any CPU
		{D5431865-303D-4709-BDA8-5D1E26C4445E}.Release|Any CPU.ActiveCfg = Release|Any CPU
		{D5431865-303D-4709-BDA8-5D1E26C4445E}.Release|Any CPU.Build.0 = Release|Any CPU
		{4E0BF942-0E90-4CF9-89B1-C51EA1B75024}.Debug|Any CPU.ActiveCfg = Debug|Any CPU
		{4E0BF942-0E90-4CF9-89B1-C51EA1B75024}.Debug|Any CPU.Build.0 = Debug|Any CPU
		{4E0BF942-0E90-4CF9-89B1-C51EA1B75024}.Release|Any CPU.ActiveCfg = Release|Any CPU
		{4E0BF942-0E90-4CF9-89B1-C51EA1B75024}.Release|Any CPU.Build.0 = Release|Any CPU
		{4DD16CBC-6F4B-4F6D-ADEB-D0F3742D67EC}.Debug|Any CPU.ActiveCfg = Debug|Any CPU
		{4DD16CBC-6F4B-4F6D-ADEB-D0F3742D67EC}.Debug|Any CPU.Build.0 = Debug|Any CPU
		{4DD16CBC-6F4B-4F6D-ADEB-D0F3742D67EC}.Release|Any CPU.ActiveCfg = Release|Any CPU
		{4DD16CBC-6F4B-4F6D-ADEB-D0F3742D67EC}.Release|Any CPU.Build.0 = Release|Any CPU
	EndGlobalSection
	GlobalSection(SolutionProperties) = preSolution
		HideSolutionNode = FALSE
	EndGlobalSection
EndGlobal
