
Microsoft Visual Studio Solution File, Format Version 12.00
# Visual Studio 2013
VisualStudioVersion = 12.0.21005.1
MinimumVisualStudioVersion = 10.0.40219.1
Project("{FAE04EC0-301F-11D3-BF4B-00C04F79EFBC}") = "Hale-Check-Uptime", "Hale-Check-Uptime\Hale-Check-Uptime.csproj", "{65BB47ED-573C-48DD-ACC8-454E0EE4C039}"
EndProject
Project("{FAE04EC0-301F-11D3-BF4B-00C04F79EFBC}") = "Hale-Check-Disk-Space", "Hale-Check-Disk-Space\Hale-Check-Disk-Space.csproj", "{912018B1-15C8-41B1-9C96-FF4C057B635F}"
EndProject
Global
	GlobalSection(SolutionConfigurationPlatforms) = preSolution
		Debug|Any CPU = Debug|Any CPU
		Release|Any CPU = Release|Any CPU
	EndGlobalSection
	GlobalSection(ProjectConfigurationPlatforms) = postSolution
		{65BB47ED-573C-48DD-ACC8-454E0EE4C039}.Debug|Any CPU.ActiveCfg = Debug|Any CPU
		{65BB47ED-573C-48DD-ACC8-454E0EE4C039}.Debug|Any CPU.Build.0 = Debug|Any CPU
		{65BB47ED-573C-48DD-ACC8-454E0EE4C039}.Release|Any CPU.ActiveCfg = Release|Any CPU
		{65BB47ED-573C-48DD-ACC8-454E0EE4C039}.Release|Any CPU.Build.0 = Release|Any CPU
		{912018B1-15C8-41B1-9C96-FF4C057B635F}.Debug|Any CPU.ActiveCfg = Debug|Any CPU
		{912018B1-15C8-41B1-9C96-FF4C057B635F}.Debug|Any CPU.Build.0 = Debug|Any CPU
		{912018B1-15C8-41B1-9C96-FF4C057B635F}.Release|Any CPU.ActiveCfg = Release|Any CPU
		{912018B1-15C8-41B1-9C96-FF4C057B635F}.Release|Any CPU.Build.0 = Release|Any CPU
	EndGlobalSection
	GlobalSection(SolutionProperties) = preSolution
		HideSolutionNode = FALSE
	EndGlobalSection
EndGlobal
